// !$*UTF8*$!
{
	archiveVersion = 1;
	classes = {
	};
	objectVersion = 56;
	objects = {

/* Begin PBXBuildFile section */
		330A0DFA2A3B3FD300E2A53D /* FeedController.swift in Sources */ = {isa = PBXBuildFile; fileRef = 330A0DF92A3B3FD300E2A53D /* FeedController.swift */; };
		330A0DFC2A3B3FF200E2A53D /* ExploreController.swift in Sources */ = {isa = PBXBuildFile; fileRef = 330A0DFB2A3B3FF200E2A53D /* ExploreController.swift */; };
		330A0DFE2A3B3FFF00E2A53D /* NotificationsController.swift in Sources */ = {isa = PBXBuildFile; fileRef = 330A0DFD2A3B3FFF00E2A53D /* NotificationsController.swift */; };
		330A0E002A3B400E00E2A53D /* ConversationsController.swift in Sources */ = {isa = PBXBuildFile; fileRef = 330A0DFF2A3B400E00E2A53D /* ConversationsController.swift */; };
		332DFE182A3B788400FCF64D /* Pods_NotTwitter.framework in Frameworks */ = {isa = PBXBuildFile; fileRef = 8A832A4630F4FE3D21DD253F /* Pods_NotTwitter.framework */; };
		333AA9222A3B50FD0025828B /* Extensions.swift in Sources */ = {isa = PBXBuildFile; fileRef = 333AA9212A3B50FD0025828B /* Extensions.swift */; };
		333CB5802A3B842E00C38055 /* Constants.swift in Sources */ = {isa = PBXBuildFile; fileRef = 333CB57F2A3B842E00C38055 /* Constants.swift */; };
		333CB5822A3B93EE00C38055 /* AuthService.swift in Sources */ = {isa = PBXBuildFile; fileRef = 333CB5812A3B93EE00C38055 /* AuthService.swift */; };
		333CB5842A3BAC5D00C38055 /* UserService.swift in Sources */ = {isa = PBXBuildFile; fileRef = 333CB5832A3BAC5D00C38055 /* UserService.swift */; };
		333CB5862A3BAF2700C38055 /* User.swift in Sources */ = {isa = PBXBuildFile; fileRef = 333CB5852A3BAF2700C38055 /* User.swift */; };
		3353DF592A221A2200B1F42A /* AppDelegate.swift in Sources */ = {isa = PBXBuildFile; fileRef = 3353DF582A221A2200B1F42A /* AppDelegate.swift */; };
		3353DF5B2A221A2200B1F42A /* SceneDelegate.swift in Sources */ = {isa = PBXBuildFile; fileRef = 3353DF5A2A221A2200B1F42A /* SceneDelegate.swift */; };
		3353DF602A221A2200B1F42A /* Main.storyboard in Resources */ = {isa = PBXBuildFile; fileRef = 3353DF5E2A221A2200B1F42A /* Main.storyboard */; };
		3353DF622A221A2300B1F42A /* Assets.xcassets in Resources */ = {isa = PBXBuildFile; fileRef = 3353DF612A221A2300B1F42A /* Assets.xcassets */; };
		3353DF652A221A2300B1F42A /* LaunchScreen.storyboard in Resources */ = {isa = PBXBuildFile; fileRef = 3353DF632A221A2300B1F42A /* LaunchScreen.storyboard */; };
		3353DF902A221BE000B1F42A /* MainTabController.swift in Sources */ = {isa = PBXBuildFile; fileRef = 3353DF8F2A221BE000B1F42A /* MainTabController.swift */; };
		3395F8712A3B54EC006F17E6 /* LoginController.swift in Sources */ = {isa = PBXBuildFile; fileRef = 3395F8702A3B54EC006F17E6 /* LoginController.swift */; };
		3395F8732A3B5531006F17E6 /* RegistrationController.swift in Sources */ = {isa = PBXBuildFile; fileRef = 3395F8722A3B5531006F17E6 /* RegistrationController.swift */; };
		3395F8762A3B5C30006F17E6 /* Utilities.swift in Sources */ = {isa = PBXBuildFile; fileRef = 3395F8742A3B5A9C006F17E6 /* Utilities.swift */; };
		3395F8782A3B72E1006F17E6 /* GoogleService-Info.plist in Resources */ = {isa = PBXBuildFile; fileRef = 3395F8772A3B72E1006F17E6 /* GoogleService-Info.plist */; };
/* End PBXBuildFile section */

/* Begin PBXFileReference section */
		330A0DF92A3B3FD300E2A53D /* FeedController.swift */ = {isa = PBXFileReference; lastKnownFileType = sourcecode.swift; path = FeedController.swift; sourceTree = "<group>"; };
		330A0DFB2A3B3FF200E2A53D /* ExploreController.swift */ = {isa = PBXFileReference; lastKnownFileType = sourcecode.swift; path = ExploreController.swift; sourceTree = "<group>"; };
		330A0DFD2A3B3FFF00E2A53D /* NotificationsController.swift */ = {isa = PBXFileReference; lastKnownFileType = sourcecode.swift; path = NotificationsController.swift; sourceTree = "<group>"; };
		330A0DFF2A3B400E00E2A53D /* ConversationsController.swift */ = {isa = PBXFileReference; lastKnownFileType = sourcecode.swift; path = ConversationsController.swift; sourceTree = "<group>"; };
		333AA9212A3B50FD0025828B /* Extensions.swift */ = {isa = PBXFileReference; lastKnownFileType = sourcecode.swift; path = Extensions.swift; sourceTree = "<group>"; };
		333CB57F2A3B842E00C38055 /* Constants.swift */ = {isa = PBXFileReference; lastKnownFileType = sourcecode.swift; path = Constants.swift; sourceTree = "<group>"; };
		333CB5812A3B93EE00C38055 /* AuthService.swift */ = {isa = PBXFileReference; lastKnownFileType = sourcecode.swift; path = AuthService.swift; sourceTree = "<group>"; };
		333CB5832A3BAC5D00C38055 /* UserService.swift */ = {isa = PBXFileReference; lastKnownFileType = sourcecode.swift; path = UserService.swift; sourceTree = "<group>"; };
		333CB5852A3BAF2700C38055 /* User.swift */ = {isa = PBXFileReference; lastKnownFileType = sourcecode.swift; path = User.swift; sourceTree = "<group>"; };
		3353DF552A221A2200B1F42A /* NotTwitter.app */ = {isa = PBXFileReference; explicitFileType = wrapper.application; includeInIndex = 0; path = NotTwitter.app; sourceTree = BUILT_PRODUCTS_DIR; };
		3353DF582A221A2200B1F42A /* AppDelegate.swift */ = {isa = PBXFileReference; lastKnownFileType = sourcecode.swift; path = AppDelegate.swift; sourceTree = "<group>"; };
		3353DF5A2A221A2200B1F42A /* SceneDelegate.swift */ = {isa = PBXFileReference; lastKnownFileType = sourcecode.swift; path = SceneDelegate.swift; sourceTree = "<group>"; };
		3353DF5F2A221A2200B1F42A /* Base */ = {isa = PBXFileReference; lastKnownFileType = file.storyboard; name = Base; path = Base.lproj/Main.storyboard; sourceTree = "<group>"; };
		3353DF612A221A2300B1F42A /* Assets.xcassets */ = {isa = PBXFileReference; lastKnownFileType = folder.assetcatalog; path = Assets.xcassets; sourceTree = "<group>"; };
		3353DF642A221A2300B1F42A /* Base */ = {isa = PBXFileReference; lastKnownFileType = file.storyboard; name = Base; path = Base.lproj/LaunchScreen.storyboard; sourceTree = "<group>"; };
		3353DF662A221A2300B1F42A /* Info.plist */ = {isa = PBXFileReference; lastKnownFileType = text.plist.xml; path = Info.plist; sourceTree = "<group>"; };
		3353DF8F2A221BE000B1F42A /* MainTabController.swift */ = {isa = PBXFileReference; lastKnownFileType = sourcecode.swift; path = MainTabController.swift; sourceTree = "<group>"; };
		3395F8702A3B54EC006F17E6 /* LoginController.swift */ = {isa = PBXFileReference; lastKnownFileType = sourcecode.swift; path = LoginController.swift; sourceTree = "<group>"; };
		3395F8722A3B5531006F17E6 /* RegistrationController.swift */ = {isa = PBXFileReference; lastKnownFileType = sourcecode.swift; path = RegistrationController.swift; sourceTree = "<group>"; };
		3395F8742A3B5A9C006F17E6 /* Utilities.swift */ = {isa = PBXFileReference; lastKnownFileType = sourcecode.swift; path = Utilities.swift; sourceTree = "<group>"; };
		3395F8772A3B72E1006F17E6 /* GoogleService-Info.plist */ = {isa = PBXFileReference; lastKnownFileType = text.plist; path = "GoogleService-Info.plist"; sourceTree = SOURCE_ROOT; };
		46DA0D9CF3B9CDEECFF5C485 /* Pods-NotTwitter.debug.xcconfig */ = {isa = PBXFileReference; includeInIndex = 1; lastKnownFileType = text.xcconfig; name = "Pods-NotTwitter.debug.xcconfig"; path = "Target Support Files/Pods-NotTwitter/Pods-NotTwitter.debug.xcconfig"; sourceTree = "<group>"; };
		8A832A4630F4FE3D21DD253F /* Pods_NotTwitter.framework */ = {isa = PBXFileReference; explicitFileType = wrapper.framework; includeInIndex = 0; path = Pods_NotTwitter.framework; sourceTree = BUILT_PRODUCTS_DIR; };
		F6E4A1292D6013BC4683A0B7 /* Pods-NotTwitter.release.xcconfig */ = {isa = PBXFileReference; includeInIndex = 1; lastKnownFileType = text.xcconfig; name = "Pods-NotTwitter.release.xcconfig"; path = "Target Support Files/Pods-NotTwitter/Pods-NotTwitter.release.xcconfig"; sourceTree = "<group>"; };
/* End PBXFileReference section */

/* Begin PBXFrameworksBuildPhase section */
		3353DF522A221A2200B1F42A /* Frameworks */ = {
			isa = PBXFrameworksBuildPhase;
			buildActionMask = 2147483647;
			files = (
				332DFE182A3B788400FCF64D /* Pods_NotTwitter.framework in Frameworks */,
			);
			runOnlyForDeploymentPostprocessing = 0;
		};
/* End PBXFrameworksBuildPhase section */

/* Begin PBXGroup section */
		233C7336B2D75FCF6DC60DE8 /* Frameworks */ = {
			isa = PBXGroup;
			children = (
				8A832A4630F4FE3D21DD253F /* Pods_NotTwitter.framework */,
			);
			name = Frameworks;
			sourceTree = "<group>";
		};
		3353DF4C2A221A2200B1F42A = {
			isa = PBXGroup;
			children = (
				3353DF572A221A2200B1F42A /* NotTwitter */,
				3353DF562A221A2200B1F42A /* Products */,
				33B6CA29FF27A7029B6807D7 /* Pods */,
				233C7336B2D75FCF6DC60DE8 /* Frameworks */,
			);
			sourceTree = "<group>";
		};
		3353DF562A221A2200B1F42A /* Products */ = {
			isa = PBXGroup;
			children = (
				3353DF552A221A2200B1F42A /* NotTwitter.app */,
			);
			name = Products;
			sourceTree = "<group>";
		};
		3353DF572A221A2200B1F42A /* NotTwitter */ = {
			isa = PBXGroup;
			children = (
				3353DF8D2A221A8300B1F42A /* Model */,
				3353DF8C2A221A8100B1F42A /* View */,
				3353DF8B2A221A8000B1F42A /* ViewModel */,
				3353DF8A2A221A7F00B1F42A /* Controller */,
				3353DF882A221A6500B1F42A /* API */,
				3353DF8E2A221AD800B1F42A /* Utils */,
				3353DF582A221A2200B1F42A /* AppDelegate.swift */,
				3353DF5A2A221A2200B1F42A /* SceneDelegate.swift */,
				3353DF5E2A221A2200B1F42A /* Main.storyboard */,
				3395F8772A3B72E1006F17E6 /* GoogleService-Info.plist */,
				3353DF612A221A2300B1F42A /* Assets.xcassets */,
				3353DF632A221A2300B1F42A /* LaunchScreen.storyboard */,
				3353DF662A221A2300B1F42A /* Info.plist */,
			);
			path = NotTwitter;
			sourceTree = "<group>";
		};
		3353DF882A221A6500B1F42A /* API */ = {
			isa = PBXGroup;
			children = (
				333CB5812A3B93EE00C38055 /* AuthService.swift */,
				333CB5832A3BAC5D00C38055 /* UserService.swift */,
			);
			path = API;
			sourceTree = "<group>";
		};
		3353DF8A2A221A7F00B1F42A /* Controller */ = {
			isa = PBXGroup;
			children = (
				3395F86F2A3B54D8006F17E6 /* Authentication */,
				3353DF8F2A221BE000B1F42A /* MainTabController.swift */,
				330A0DF92A3B3FD300E2A53D /* FeedController.swift */,
				330A0DFB2A3B3FF200E2A53D /* ExploreController.swift */,
				330A0DFD2A3B3FFF00E2A53D /* NotificationsController.swift */,
				330A0DFF2A3B400E00E2A53D /* ConversationsController.swift */,
			);
			path = Controller;
			sourceTree = "<group>";
		};
		3353DF8B2A221A8000B1F42A /* ViewModel */ = {
			isa = PBXGroup;
			children = (
			);
			path = ViewModel;
			sourceTree = "<group>";
		};
		3353DF8C2A221A8100B1F42A /* View */ = {
			isa = PBXGroup;
			children = (
			);
			path = View;
			sourceTree = "<group>";
		};
		3353DF8D2A221A8300B1F42A /* Model */ = {
			isa = PBXGroup;
			children = (
				333CB5852A3BAF2700C38055 /* User.swift */,
			);
			path = Model;
			sourceTree = "<group>";
		};
		3353DF8E2A221AD800B1F42A /* Utils */ = {
			isa = PBXGroup;
			children = (
				3395F8742A3B5A9C006F17E6 /* Utilities.swift */,
				333AA9212A3B50FD0025828B /* Extensions.swift */,
				333CB57F2A3B842E00C38055 /* Constants.swift */,
			);
			path = Utils;
			sourceTree = "<group>";
		};
		3395F86F2A3B54D8006F17E6 /* Authentication */ = {
			isa = PBXGroup;
			children = (
				3395F8702A3B54EC006F17E6 /* LoginController.swift */,
				3395F8722A3B5531006F17E6 /* RegistrationController.swift */,
			);
			path = Authentication;
			sourceTree = "<group>";
		};
		33B6CA29FF27A7029B6807D7 /* Pods */ = {
			isa = PBXGroup;
			children = (
				46DA0D9CF3B9CDEECFF5C485 /* Pods-NotTwitter.debug.xcconfig */,
				F6E4A1292D6013BC4683A0B7 /* Pods-NotTwitter.release.xcconfig */,
			);
			path = Pods;
			sourceTree = "<group>";
		};
/* End PBXGroup section */

/* Begin PBXNativeTarget section */
		3353DF542A221A2200B1F42A /* NotTwitter */ = {
			isa = PBXNativeTarget;
			buildConfigurationList = 3353DF7F2A221A2300B1F42A /* Build configuration list for PBXNativeTarget "NotTwitter" */;
			buildPhases = (
				A51243124782010A90DF2861 /* [CP] Check Pods Manifest.lock */,
				3353DF512A221A2200B1F42A /* Sources */,
				3353DF522A221A2200B1F42A /* Frameworks */,
				3353DF532A221A2200B1F42A /* Resources */,
				4F20820FA38C251EEBBEB2E3 /* [CP] Embed Pods Frameworks */,
			);
			buildRules = (
			);
			dependencies = (
			);
			name = NotTwitter;
			productName = NotTwitter;
			productReference = 3353DF552A221A2200B1F42A /* NotTwitter.app */;
			productType = "com.apple.product-type.application";
		};
/* End PBXNativeTarget section */

/* Begin PBXProject section */
		3353DF4D2A221A2200B1F42A /* Project object */ = {
			isa = PBXProject;
			attributes = {
				BuildIndependentTargetsInParallel = 1;
				LastSwiftUpdateCheck = 1430;
				LastUpgradeCheck = 1430;
				TargetAttributes = {
					3353DF542A221A2200B1F42A = {
						CreatedOnToolsVersion = 14.3.1;
					};
				};
			};
			buildConfigurationList = 3353DF502A221A2200B1F42A /* Build configuration list for PBXProject "NotTwitter" */;
			compatibilityVersion = "Xcode 14.0";
			developmentRegion = en;
			hasScannedForEncodings = 0;
			knownRegions = (
				en,
				Base,
			);
			mainGroup = 3353DF4C2A221A2200B1F42A;
			packageReferences = (
			);
			productRefGroup = 3353DF562A221A2200B1F42A /* Products */;
			projectDirPath = "";
			projectRoot = "";
			targets = (
				3353DF542A221A2200B1F42A /* NotTwitter */,
			);
		};
/* End PBXProject section */

/* Begin PBXResourcesBuildPhase section */
		3353DF532A221A2200B1F42A /* Resources */ = {
			isa = PBXResourcesBuildPhase;
			buildActionMask = 2147483647;
			files = (
				3353DF652A221A2300B1F42A /* LaunchScreen.storyboard in Resources */,
				3395F8782A3B72E1006F17E6 /* GoogleService-Info.plist in Resources */,
				3353DF622A221A2300B1F42A /* Assets.xcassets in Resources */,
				3353DF602A221A2200B1F42A /* Main.storyboard in Resources */,
			);
			runOnlyForDeploymentPostprocessing = 0;
		};
/* End PBXResourcesBuildPhase section */

/* Begin PBXShellScriptBuildPhase section */
		4F20820FA38C251EEBBEB2E3 /* [CP] Embed Pods Frameworks */ = {
			isa = PBXShellScriptBuildPhase;
			buildActionMask = 2147483647;
			files = (
			);
			inputFileListPaths = (
				"${PODS_ROOT}/Target Support Files/Pods-NotTwitter/Pods-NotTwitter-frameworks-${CONFIGURATION}-input-files.xcfilelist",
			);
			name = "[CP] Embed Pods Frameworks";
			outputFileListPaths = (
				"${PODS_ROOT}/Target Support Files/Pods-NotTwitter/Pods-NotTwitter-frameworks-${CONFIGURATION}-output-files.xcfilelist",
			);
			runOnlyForDeploymentPostprocessing = 0;
			shellPath = /bin/sh;
			shellScript = "\"${PODS_ROOT}/Target Support Files/Pods-NotTwitter/Pods-NotTwitter-frameworks.sh\"\n";
			showEnvVarsInLog = 0;
		};
		A51243124782010A90DF2861 /* [CP] Check Pods Manifest.lock */ = {
			isa = PBXShellScriptBuildPhase;
			buildActionMask = 2147483647;
			files = (
			);
			inputFileListPaths = (
			);
			inputPaths = (
				"${PODS_PODFILE_DIR_PATH}/Podfile.lock",
				"${PODS_ROOT}/Manifest.lock",
			);
			name = "[CP] Check Pods Manifest.lock";
			outputFileListPaths = (
			);
			outputPaths = (
				"$(DERIVED_FILE_DIR)/Pods-NotTwitter-checkManifestLockResult.txt",
			);
			runOnlyForDeploymentPostprocessing = 0;
			shellPath = /bin/sh;
			shellScript = "diff \"${PODS_PODFILE_DIR_PATH}/Podfile.lock\" \"${PODS_ROOT}/Manifest.lock\" > /dev/null\nif [ $? != 0 ] ; then\n    # print error to STDERR\n    echo \"error: The sandbox is not in sync with the Podfile.lock. Run 'pod install' or update your CocoaPods installation.\" >&2\n    exit 1\nfi\n# This output is used by Xcode 'outputs' to avoid re-running this script phase.\necho \"SUCCESS\" > \"${SCRIPT_OUTPUT_FILE_0}\"\n";
			showEnvVarsInLog = 0;
		};
/* End PBXShellScriptBuildPhase section */

/* Begin PBXSourcesBuildPhase section */
		3353DF512A221A2200B1F42A /* Sources */ = {
			isa = PBXSourcesBuildPhase;
			buildActionMask = 2147483647;
			files = (
				333CB5842A3BAC5D00C38055 /* UserService.swift in Sources */,
				330A0DFE2A3B3FFF00E2A53D /* NotificationsController.swift in Sources */,
				330A0E002A3B400E00E2A53D /* ConversationsController.swift in Sources */,
				3395F8762A3B5C30006F17E6 /* Utilities.swift in Sources */,
				3353DF592A221A2200B1F42A /* AppDelegate.swift in Sources */,
				333AA9222A3B50FD0025828B /* Extensions.swift in Sources */,
				3395F8712A3B54EC006F17E6 /* LoginController.swift in Sources */,
				333CB5822A3B93EE00C38055 /* AuthService.swift in Sources */,
				333CB5862A3BAF2700C38055 /* User.swift in Sources */,
				330A0DFC2A3B3FF200E2A53D /* ExploreController.swift in Sources */,
				3353DF5B2A221A2200B1F42A /* SceneDelegate.swift in Sources */,
				3353DF902A221BE000B1F42A /* MainTabController.swift in Sources */,
				3395F8732A3B5531006F17E6 /* RegistrationController.swift in Sources */,
				330A0DFA2A3B3FD300E2A53D /* FeedController.swift in Sources */,
				333CB5802A3B842E00C38055 /* Constants.swift in Sources */,
			);
			runOnlyForDeploymentPostprocessing = 0;
		};
/* End PBXSourcesBuildPhase section */

/* Begin PBXVariantGroup section */
		3353DF5E2A221A2200B1F42A /* Main.storyboard */ = {
			isa = PBXVariantGroup;
			children = (
				3353DF5F2A221A2200B1F42A /* Base */,
			);
			name = Main.storyboard;
			sourceTree = "<group>";
		};
		3353DF632A221A2300B1F42A /* LaunchScreen.storyboard */ = {
			isa = PBXVariantGroup;
			children = (
				3353DF642A221A2300B1F42A /* Base */,
			);
			name = LaunchScreen.storyboard;
			sourceTree = "<group>";
		};
/* End PBXVariantGroup section */

/* Begin XCBuildConfiguration section */
		3353DF7D2A221A2300B1F42A /* Debug */ = {
			isa = XCBuildConfiguration;
			buildSettings = {
				ALWAYS_SEARCH_USER_PATHS = NO;
				CLANG_ANALYZER_NONNULL = YES;
				CLANG_ANALYZER_NUMBER_OBJECT_CONVERSION = YES_AGGRESSIVE;
				CLANG_CXX_LANGUAGE_STANDARD = "gnu++20";
				CLANG_ENABLE_MODULES = YES;
				CLANG_ENABLE_OBJC_ARC = YES;
				CLANG_ENABLE_OBJC_WEAK = YES;
				CLANG_WARN_BLOCK_CAPTURE_AUTORELEASING = YES;
				CLANG_WARN_BOOL_CONVERSION = YES;
				CLANG_WARN_COMMA = YES;
				CLANG_WARN_CONSTANT_CONVERSION = YES;
				CLANG_WARN_DEPRECATED_OBJC_IMPLEMENTATIONS = YES;
				CLANG_WARN_DIRECT_OBJC_ISA_USAGE = YES_ERROR;
				CLANG_WARN_DOCUMENTATION_COMMENTS = YES;
				CLANG_WARN_EMPTY_BODY = YES;
				CLANG_WARN_ENUM_CONVERSION = YES;
				CLANG_WARN_INFINITE_RECURSION = YES;
				CLANG_WARN_INT_CONVERSION = YES;
				CLANG_WARN_NON_LITERAL_NULL_CONVERSION = YES;
				CLANG_WARN_OBJC_IMPLICIT_RETAIN_SELF = YES;
				CLANG_WARN_OBJC_LITERAL_CONVERSION = YES;
				CLANG_WARN_OBJC_ROOT_CLASS = YES_ERROR;
				CLANG_WARN_QUOTED_INCLUDE_IN_FRAMEWORK_HEADER = YES;
				CLANG_WARN_RANGE_LOOP_ANALYSIS = YES;
				CLANG_WARN_STRICT_PROTOTYPES = YES;
				CLANG_WARN_SUSPICIOUS_MOVE = YES;
				CLANG_WARN_UNGUARDED_AVAILABILITY = YES_AGGRESSIVE;
				CLANG_WARN_UNREACHABLE_CODE = YES;
				CLANG_WARN__DUPLICATE_METHOD_MATCH = YES;
				COPY_PHASE_STRIP = NO;
				DEBUG_INFORMATION_FORMAT = dwarf;
				ENABLE_STRICT_OBJC_MSGSEND = YES;
				ENABLE_TESTABILITY = YES;
				GCC_C_LANGUAGE_STANDARD = gnu11;
				GCC_DYNAMIC_NO_PIC = NO;
				GCC_NO_COMMON_BLOCKS = YES;
				GCC_OPTIMIZATION_LEVEL = 0;
				GCC_PREPROCESSOR_DEFINITIONS = (
					"DEBUG=1",
					"$(inherited)",
				);
				GCC_WARN_64_TO_32_BIT_CONVERSION = YES;
				GCC_WARN_ABOUT_RETURN_TYPE = YES_ERROR;
				GCC_WARN_UNDECLARED_SELECTOR = YES;
				GCC_WARN_UNINITIALIZED_AUTOS = YES_AGGRESSIVE;
				GCC_WARN_UNUSED_FUNCTION = YES;
				GCC_WARN_UNUSED_VARIABLE = YES;
				IPHONEOS_DEPLOYMENT_TARGET = 16.4;
				MTL_ENABLE_DEBUG_INFO = INCLUDE_SOURCE;
				MTL_FAST_MATH = YES;
				ONLY_ACTIVE_ARCH = YES;
				SDKROOT = iphoneos;
				SWIFT_ACTIVE_COMPILATION_CONDITIONS = DEBUG;
				SWIFT_OPTIMIZATION_LEVEL = "-Onone";
			};
			name = Debug;
		};
		3353DF7E2A221A2300B1F42A /* Release */ = {
			isa = XCBuildConfiguration;
			buildSettings = {
				ALWAYS_SEARCH_USER_PATHS = NO;
				CLANG_ANALYZER_NONNULL = YES;
				CLANG_ANALYZER_NUMBER_OBJECT_CONVERSION = YES_AGGRESSIVE;
				CLANG_CXX_LANGUAGE_STANDARD = "gnu++20";
				CLANG_ENABLE_MODULES = YES;
				CLANG_ENABLE_OBJC_ARC = YES;
				CLANG_ENABLE_OBJC_WEAK = YES;
				CLANG_WARN_BLOCK_CAPTURE_AUTORELEASING = YES;
				CLANG_WARN_BOOL_CONVERSION = YES;
				CLANG_WARN_COMMA = YES;
				CLANG_WARN_CONSTANT_CONVERSION = YES;
				CLANG_WARN_DEPRECATED_OBJC_IMPLEMENTATIONS = YES;
				CLANG_WARN_DIRECT_OBJC_ISA_USAGE = YES_ERROR;
				CLANG_WARN_DOCUMENTATION_COMMENTS = YES;
				CLANG_WARN_EMPTY_BODY = YES;
				CLANG_WARN_ENUM_CONVERSION = YES;
				CLANG_WARN_INFINITE_RECURSION = YES;
				CLANG_WARN_INT_CONVERSION = YES;
				CLANG_WARN_NON_LITERAL_NULL_CONVERSION = YES;
				CLANG_WARN_OBJC_IMPLICIT_RETAIN_SELF = YES;
				CLANG_WARN_OBJC_LITERAL_CONVERSION = YES;
				CLANG_WARN_OBJC_ROOT_CLASS = YES_ERROR;
				CLANG_WARN_QUOTED_INCLUDE_IN_FRAMEWORK_HEADER = YES;
				CLANG_WARN_RANGE_LOOP_ANALYSIS = YES;
				CLANG_WARN_STRICT_PROTOTYPES = YES;
				CLANG_WARN_SUSPICIOUS_MOVE = YES;
				CLANG_WARN_UNGUARDED_AVAILABILITY = YES_AGGRESSIVE;
				CLANG_WARN_UNREACHABLE_CODE = YES;
				CLANG_WARN__DUPLICATE_METHOD_MATCH = YES;
				COPY_PHASE_STRIP = NO;
				DEBUG_INFORMATION_FORMAT = "dwarf-with-dsym";
				ENABLE_NS_ASSERTIONS = NO;
				ENABLE_STRICT_OBJC_MSGSEND = YES;
				GCC_C_LANGUAGE_STANDARD = gnu11;
				GCC_NO_COMMON_BLOCKS = YES;
				GCC_WARN_64_TO_32_BIT_CONVERSION = YES;
				GCC_WARN_ABOUT_RETURN_TYPE = YES_ERROR;
				GCC_WARN_UNDECLARED_SELECTOR = YES;
				GCC_WARN_UNINITIALIZED_AUTOS = YES_AGGRESSIVE;
				GCC_WARN_UNUSED_FUNCTION = YES;
				GCC_WARN_UNUSED_VARIABLE = YES;
				IPHONEOS_DEPLOYMENT_TARGET = 16.4;
				MTL_ENABLE_DEBUG_INFO = NO;
				MTL_FAST_MATH = YES;
				SDKROOT = iphoneos;
				SWIFT_COMPILATION_MODE = wholemodule;
				SWIFT_OPTIMIZATION_LEVEL = "-O";
				VALIDATE_PRODUCT = YES;
			};
			name = Release;
		};
		3353DF802A221A2300B1F42A /* Debug */ = {
			isa = XCBuildConfiguration;
			baseConfigurationReference = 46DA0D9CF3B9CDEECFF5C485 /* Pods-NotTwitter.debug.xcconfig */;
			buildSettings = {
				ASSETCATALOG_COMPILER_APPICON_NAME = AppIcon;
				ASSETCATALOG_COMPILER_GLOBAL_ACCENT_COLOR_NAME = AccentColor;
				CODE_SIGN_STYLE = Automatic;
				CURRENT_PROJECT_VERSION = 1;
				GENERATE_INFOPLIST_FILE = YES;
				INFOPLIST_FILE = NotTwitter/Info.plist;
				INFOPLIST_KEY_UIApplicationSupportsIndirectInputEvents = YES;
				INFOPLIST_KEY_UILaunchStoryboardName = LaunchScreen;
				INFOPLIST_KEY_UIMainStoryboardFile = Main;
				INFOPLIST_KEY_UISupportedInterfaceOrientations_iPad = "UIInterfaceOrientationPortrait UIInterfaceOrientationPortraitUpsideDown UIInterfaceOrientationLandscapeLeft UIInterfaceOrientationLandscapeRight";
				INFOPLIST_KEY_UISupportedInterfaceOrientations_iPhone = "UIInterfaceOrientationPortrait UIInterfaceOrientationLandscapeLeft UIInterfaceOrientationLandscapeRight";
				LD_RUNPATH_SEARCH_PATHS = (
					"$(inherited)",
					"@executable_path/Frameworks",
				);
				MARKETING_VERSION = 1.0;
				PRODUCT_BUNDLE_IDENTIFIER = home.notTwitter;
				PRODUCT_NAME = "$(TARGET_NAME)";
				SWIFT_EMIT_LOC_STRINGS = YES;
				SWIFT_VERSION = 5.0;
				TARGETED_DEVICE_FAMILY = "1,2";
			};
			name = Debug;
		};
		3353DF812A221A2300B1F42A /* Release */ = {
			isa = XCBuildConfiguration;
			baseConfigurationReference = F6E4A1292D6013BC4683A0B7 /* Pods-NotTwitter.release.xcconfig */;
			buildSettings = {
				ASSETCATALOG_COMPILER_APPICON_NAME = AppIcon;
				ASSETCATALOG_COMPILER_GLOBAL_ACCENT_COLOR_NAME = AccentColor;
				CODE_SIGN_STYLE = Automatic;
				CURRENT_PROJECT_VERSION = 1;
				GENERATE_INFOPLIST_FILE = YES;
				INFOPLIST_FILE = NotTwitter/Info.plist;
				INFOPLIST_KEY_UIApplicationSupportsIndirectInputEvents = YES;
				INFOPLIST_KEY_UILaunchStoryboardName = LaunchScreen;
				INFOPLIST_KEY_UIMainStoryboardFile = Main;
				INFOPLIST_KEY_UISupportedInterfaceOrientations_iPad = "UIInterfaceOrientationPortrait UIInterfaceOrientationPortraitUpsideDown UIInterfaceOrientationLandscapeLeft UIInterfaceOrientationLandscapeRight";
				INFOPLIST_KEY_UISupportedInterfaceOrientations_iPhone = "UIInterfaceOrientationPortrait UIInterfaceOrientationLandscapeLeft UIInterfaceOrientationLandscapeRight";
				LD_RUNPATH_SEARCH_PATHS = (
					"$(inherited)",
					"@executable_path/Frameworks",
				);
				MARKETING_VERSION = 1.0;
				PRODUCT_BUNDLE_IDENTIFIER = home.notTwitter;
				PRODUCT_NAME = "$(TARGET_NAME)";
				SWIFT_EMIT_LOC_STRINGS = YES;
				SWIFT_VERSION = 5.0;
				TARGETED_DEVICE_FAMILY = "1,2";
			};
			name = Release;
		};
/* End XCBuildConfiguration section */

/* Begin XCConfigurationList section */
		3353DF502A221A2200B1F42A /* Build configuration list for PBXProject "NotTwitter" */ = {
			isa = XCConfigurationList;
			buildConfigurations = (
				3353DF7D2A221A2300B1F42A /* Debug */,
				3353DF7E2A221A2300B1F42A /* Release */,
			);
			defaultConfigurationIsVisible = 0;
			defaultConfigurationName = Release;
		};
		3353DF7F2A221A2300B1F42A /* Build configuration list for PBXNativeTarget "NotTwitter" */ = {
			isa = XCConfigurationList;
			buildConfigurations = (
				3353DF802A221A2300B1F42A /* Debug */,
				3353DF812A221A2300B1F42A /* Release */,
			);
			defaultConfigurationIsVisible = 0;
			defaultConfigurationName = Release;
		};
/* End XCConfigurationList section */
	};
	rootObject = 3353DF4D2A221A2200B1F42A /* Project object */;
}
